<?xml version="1.0" encoding="utf-8"?>
<Project ToolsVersion="4.0" xmlns="http://schemas.microsoft.com/developer/msbuild/2003">
  <ItemGroup>
    <Filter Include="Source Files">
      <UniqueIdentifier>{4FC737F1-C7A5-4376-A066-2A32D752A2FF}</UniqueIdentifier>
      <Extensions>cpp;c;cc;cxx;def;odl;idl;hpj;bat;asm;asmx</Extensions>
    </Filter>
    <Filter Include="Header Files">
      <UniqueIdentifier>{93995380-89BD-4b04-88EB-625FBE52EBFB}</UniqueIdentifier>
      <Extensions>h;hpp;hxx;hm;inl;inc;xsd</Extensions>
    </Filter>
    <Filter Include="Resource Files">
      <UniqueIdentifier>{67DA6AB6-F800-4c08-8B7A-83BB121AAD01}</UniqueIdentifier>
      <Extensions>rc;ico;cur;bmp;dlg;rc2;rct;bin;rgs;gif;jpg;jpeg;jpe;resx;tiff;tif;png;wav</Extensions>
    </Filter>
  </ItemGroup>
  <ItemGroup>
    <ClCompile Include="AboutDialog.cpp">
      <Filter>Source Files</Filter>
    </ClCompile>
    <ClCompile Include="ConfigDialog.cpp">
      <Filter>Source Files</Filter>
    </ClCompile>
    <ClCompile Include="DisplayDialog.cpp">
      <Filter>Source Files</Filter>
    </ClCompile>
    <ClCompile Include="DOFrame.cpp">
      <Filter>Source Files</Filter>
    </ClCompile>
    <ClCompile Include="DOScreen.cpp">
      <Filter>Source Files</Filter>
    </ClCompile>
    <ClCompile Include="DRSOsc.cpp">
      <Filter>Source Files</Filter>
    </ClCompile>
    <ClCompile Include="InfoDialog.cpp">
      <Filter>Source Files</Filter>
    </ClCompile>
    <ClCompile Include="main.cpp">
      <Filter>Source Files</Filter>
    </ClCompile>
    <ClCompile Include="MeasureDialog.cpp">
      <Filter>Source Files</Filter>
    </ClCompile>
    <ClCompile Include="Measurement.cpp">
      <Filter>Source Files</Filter>
    </ClCompile>
    <ClCompile Include="..\..\..\..\..\midas\drivers\usb\musbstd.c">
      <Filter>Source Files</Filter>
    </ClCompile>
    <ClCompile Include="..\..\..\..\..\mxml\mxml.c">
      <Filter>Source Files</Filter>
    </ClCompile>
    <ClCompile Include="Osci.cpp">
      <Filter>Source Files</Filter>
    </ClCompile>
    <ClCompile Include="..\..\..\..\..\mxml\strlcpy.c">
      <Filter>Source Files</Filter>
    </ClCompile>
    <ClCompile Include="rb.cpp">
      <Filter>Source Files</Filter>
    </ClCompile>
    <ClCompile Include="EPThread.cpp">
      <Filter>Source Files</Filter>
    </ClCompile>
    <ClCompile Include="TriggerDialog.cpp">
      <Filter>Source Files</Filter>
    </ClCompile>
    <ClCompile Include="..\src\DRS.cpp">
      <Filter>Source Files</Filter>
    </ClCompile>
    <ClCompile Include="..\src\averager.cpp">
      <Filter>Source Files</Filter>
    </ClCompile>
  </ItemGroup>
  <ItemGroup>
    <ClInclude Include="AboutDialog.h">
      <Filter>Header Files</Filter>
    </ClInclude>
    <ClInclude Include="ConfigDialog.h">
      <Filter>Header Files</Filter>
    </ClInclude>
    <ClInclude Include="DisplayDialog.h">
      <Filter>Header Files</Filter>
    </ClInclude>
    <ClInclude Include="DOFrame.h">
      <Filter>Header Files</Filter>
    </ClInclude>
    <ClInclude Include="DOScreen.h">
      <Filter>Header Files</Filter>
    </ClInclude>
    <ClInclude Include="DRSOsc.h">
      <Filter>Header Files</Filter>
    </ClInclude>
    <ClInclude Include="DRSOscInc.h">
      <Filter>Header Files</Filter>
    </ClInclude>
    <ClInclude Include="InfoDialog.h">
      <Filter>Header Files</Filter>
    </ClInclude>
    <ClInclude Include="MeasureDialog.h">
      <Filter>Header Files</Filter>
    </ClInclude>
    <ClInclude Include="Measurement.h">
      <Filter>Header Files</Filter>
    </ClInclude>
    <ClInclude Include="..\..\..\..\..\midas\include\musbstd.h">
      <Filter>Header Files</Filter>
    </ClInclude>
    <ClInclude Include="Osci.h">
      <Filter>Header Files</Filter>
    </ClInclude>
    <ClInclude Include="EPThread.h">
      <Filter>Header Files</Filter>
    </ClInclude>
    <ClInclude Include="TriggerDialog.h">
      <Filter>Header Files</Filter>
    </ClInclude>
    <ClInclude Include="..\include\DRS.h">
      <Filter>Header Files</Filter>
    </ClInclude>
    <ClInclude Include="..\include\averager.h">
      <Filter>Header Files</Filter>
    </ClInclude>
  </ItemGroup>
  <ItemGroup>
    <None Include="drsosc.fbp">
      <Filter>Resource Files</Filter>
    </None>
    <None Include="drsosc.ico">
      <Filter>Resource Files</Filter>
    </None>
  </ItemGroup>
  <ItemGroup>
    <ResourceCompile Include="drsosc.rc">
      <Filter>Resource Files</Filter>
    </ResourceCompile>
  </ItemGroup>
</Project>