// !$*UTF8*$!
{
	archiveVersion = 1;
	classes = {
	};
	objectVersion = 46;
	objects = {

/* Begin PBXBuildFile section */
		D52687A518C8A3A500D244A2 /* read_binary.cpp in Sources */ = {isa = PBXBuildFile; fileRef = D52687A418C8A3A500D244A2 /* read_binary.cpp */; };
/* End PBXBuildFile section */

/* Begin PBXCopyFilesBuildPhase section */
		D526879618C8A2A800D244A2 /* CopyFiles */ = {
			isa = PBXCopyFilesBuildPhase;
			buildActionMask = 2147483647;
			dstPath = /usr/share/man/man1/;
			dstSubfolderSpec = 0;
			files = (
			);
			runOnlyForDeploymentPostprocessing = 1;
		};
/* End PBXCopyFilesBuildPhase section */

/* Begin PBXFileReference section */
		D526879818C8A2A800D244A2 /* read_binary */ = {isa = PBXFileReference; explicitFileType = "compiled.mach-o.executable"; includeInIndex = 0; path = read_binary; sourceTree = BUILT_PRODUCTS_DIR; };
		D52687A418C8A3A500D244A2 /* read_binary.cpp */ = {isa = PBXFileReference; fileEncoding = 4; lastKnownFileType = sourcecode.cpp.cpp; name = read_binary.cpp; path = /drs4eb/software/drsosc/read_binary.cpp; sourceTree = "<absolute>"; };
/* End PBXFileReference section */

/* Begin PBXFrameworksBuildPhase section */
		D526879518C8A2A800D244A2 /* Frameworks */ = {
			isa = PBXFrameworksBuildPhase;
			buildActionMask = 2147483647;
			files = (
			);
			runOnlyForDeploymentPostprocessing = 0;
		};
/* End PBXFrameworksBuildPhase section */

/* Begin PBXGroup section */
		D526878F18C8A2A800D244A2 = {
			isa = PBXGroup;
			children = (
				D526879A18C8A2A800D244A2 /* read_binary */,
				D526879918C8A2A800D244A2 /* Products */,
			);
			sourceTree = "<group>";
		};
		D526879918C8A2A800D244A2 /* Products */ = {
			isa = PBXGroup;
			children = (
				D526879818C8A2A800D244A2 /* read_binary */,
			);
			name = Products;
			sourceTree = "<group>";
		};
		D526879A18C8A2A800D244A2 /* read_binary */ = {
			isa = PBXGroup;
			children = (
				D52687A418C8A3A500D244A2 /* read_binary.cpp */,
			);
			path = read_binary;
			sourceTree = "<group>";
		};
/* End PBXGroup section */

/* Begin PBXNativeTarget section */
		D526879718C8A2A800D244A2 /* read_binary */ = {
			isa = PBXNativeTarget;
			buildConfigurationList = D52687A118C8A2A800D244A2 /* Build configuration list for PBXNativeTarget "read_binary" */;
			buildPhases = (
				D526879418C8A2A800D244A2 /* Sources */,
				D526879518C8A2A800D244A2 /* Frameworks */,
				D526879618C8A2A800D244A2 /* CopyFiles */,
			);
			buildRules = (
			);
			dependencies = (
			);
			name = read_binary;
			productName = read_binary;
			productReference = D526879818C8A2A800D244A2 /* read_binary */;
			productType = "com.apple.product-type.tool";
		};
/* End PBXNativeTarget section */

/* Begin PBXProject section */
		D526879018C8A2A800D244A2 /* Project object */ = {
			isa = PBXProject;
			attributes = {
				LastUpgradeCheck = 0730;
				ORGANIZATIONNAME = "Stefan Ritt";
			};
			buildConfigurationList = D526879318C8A2A800D244A2 /* Build configuration list for PBXProject "read_binary" */;
			compatibilityVersion = "Xcode 3.2";
			developmentRegion = English;
			hasScannedForEncodings = 0;
			knownRegions = (
				en,
			);
			mainGroup = D526878F18C8A2A800D244A2;
			productRefGroup = D526879918C8A2A800D244A2 /* Products */;
			projectDirPath = "";
			projectRoot = "";
			targets = (
				D526879718C8A2A800D244A2 /* read_binary */,
			);
		};
/* End PBXProject section */

/* Begin PBXSourcesBuildPhase section */
		D526879418C8A2A800D244A2 /* Sources */ = {
			isa = PBXSourcesBuildPhase;
			buildActionMask = 2147483647;
			files = (
				D52687A518C8A3A500D244A2 /* read_binary.cpp in Sources */,
			);
			runOnlyForDeploymentPostprocessing = 0;
		};
/* End PBXSourcesBuildPhase section */

/* Begin XCBuildConfiguration section */
		D526879F18C8A2A800D244A2 /* Debug */ = {
			isa = XCBuildConfiguration;
			buildSettings = {
				ALWAYS_SEARCH_USER_PATHS = NO;
				CLANG_CXX_LANGUAGE_STANDARD = "gnu++0x";
				CLANG_CXX_LIBRARY = "libc++";
				CLANG_ENABLE_OBJC_ARC = YES;
				CLANG_WARN_BOOL_CONVERSION = YES;
				CLANG_WARN_CONSTANT_CONVERSION = YES;
				CLANG_WARN_DIRECT_OBJC_ISA_USAGE = YES_ERROR;
				CLANG_WARN_EMPTY_BODY = YES;
				CLANG_WARN_ENUM_CONVERSION = YES;
				CLANG_WARN_INT_CONVERSION = YES;
				CLANG_WARN_OBJC_ROOT_CLASS = YES_ERROR;
				CLANG_WARN__DUPLICATE_METHOD_MATCH = YES;
				COPY_PHASE_STRIP = NO;
				ENABLE_TESTABILITY = YES;
				GCC_C_LANGUAGE_STANDARD = gnu99;
				GCC_DYNAMIC_NO_PIC = NO;
				GCC_ENABLE_OBJC_EXCEPTIONS = YES;
				GCC_OPTIMIZATION_LEVEL = 0;
				GCC_PREPROCESSOR_DEFINITIONS = (
					"DEBUG=1",
					"$(inherited)",
				);
				GCC_SYMBOLS_PRIVATE_EXTERN = NO;
				GCC_WARN_64_TO_32_BIT_CONVERSION = YES;
				GCC_WARN_ABOUT_RETURN_TYPE = YES_ERROR;
				GCC_WARN_UNDECLARED_SELECTOR = YES;
				GCC_WARN_UNINITIALIZED_AUTOS = YES;
				GCC_WARN_UNUSED_FUNCTION = YES;
				GCC_WARN_UNUSED_VARIABLE = YES;
				MACOSX_DEPLOYMENT_TARGET = 10.9;
				ONLY_ACTIVE_ARCH = YES;
				SDKROOT = macosx;
			};
			name = Debug;
		};
		D52687A018C8A2A800D244A2 /* Release */ = {
			isa = XCBuildConfiguration;
			buildSettings = {
				ALWAYS_SEARCH_USER_PATHS = NO;
				CLANG_CXX_LANGUAGE_STANDARD = "gnu++0x";
				CLANG_CXX_LIBRARY = "libc++";
				CLANG_ENABLE_OBJC_ARC = YES;
				CLANG_WARN_BOOL_CONVERSION = YES;
				CLANG_WARN_CONSTANT_CONVERSION = YES;
				CLANG_WARN_DIRECT_OBJC_ISA_USAGE = YES_ERROR;
				CLANG_WARN_EMPTY_BODY = YES;
				CLANG_WARN_ENUM_CONVERSION = YES;
				CLANG_WARN_INT_CONVERSION = YES;
				CLANG_WARN_OBJC_ROOT_CLASS = YES_ERROR;
				CLANG_WARN__DUPLICATE_METHOD_MATCH = YES;
				COPY_PHASE_STRIP = YES;
				DEBUG_INFORMATION_FORMAT = "dwarf-with-dsym";
				ENABLE_NS_ASSERTIONS = NO;
				GCC_C_LANGUAGE_STANDARD = gnu99;
				GCC_ENABLE_OBJC_EXCEPTIONS = YES;
				GCC_WARN_64_TO_32_BIT_CONVERSION = YES;
				GCC_WARN_ABOUT_RETURN_TYPE = YES_ERROR;
				GCC_WARN_UNDECLARED_SELECTOR = YES;
				GCC_WARN_UNINITIALIZED_AUTOS = YES;
				GCC_WARN_UNUSED_FUNCTION = YES;
				GCC_WARN_UNUSED_VARIABLE = YES;
				MACOSX_DEPLOYMENT_TARGET = 10.9;
				SDKROOT = macosx;
			};
			name = Release;
		};
		D52687A218C8A2A800D244A2 /* Debug */ = {
			isa = XCBuildConfiguration;
			buildSettings = {
				PRODUCT_NAME = "$(TARGET_NAME)";
			};
			name = Debug;
		};
		D52687A318C8A2A800D244A2 /* Release */ = {
			isa = XCBuildConfiguration;
			buildSettings = {
				PRODUCT_NAME = "$(TARGET_NAME)";
			};
			name = Release;
		};
/* End XCBuildConfiguration section */

/* Begin XCConfigurationList section */
		D526879318C8A2A800D244A2 /* Build configuration list for PBXProject "read_binary" */ = {
			isa = XCConfigurationList;
			buildConfigurations = (
				D526879F18C8A2A800D244A2 /* Debug */,
				D52687A018C8A2A800D244A2 /* Release */,
			);
			defaultConfigurationIsVisible = 0;
			defaultConfigurationName = Release;
		};
		D52687A118C8A2A800D244A2 /* Build configuration list for PBXNativeTarget "read_binary" */ = {
			isa = XCConfigurationList;
			buildConfigurations = (
				D52687A218C8A2A800D244A2 /* Debug */,
				D52687A318C8A2A800D244A2 /* Release */,
			);
			defaultConfigurationIsVisible = 0;
			defaultConfigurationName = Release;
		};
/* End XCConfigurationList section */
	};
	rootObject = D526879018C8A2A800D244A2 /* Project object */;
}
